
Microsoft Visual Studio Solution File, Format Version 12.00
# Visual Studio Version 17
VisualStudioVersion = 17.5.002.0
MinimumVisualStudioVersion = 10.0.40219.1
Project("{9A19103F-16F7-4668-BE54-9A1E7A4F7556}") = "wordleGame", "wordleGame.csproj", "{C1D9E043-51BC-4D8A-B56A-6A077F445C9F}"
EndProject
Global
	GlobalSection(SolutionConfigurationPlatforms) = preSolution
		Debug|Any CPU = Debug|Any CPU
		Release|Any CPU = Release|Any CPU
	EndGlobalSection
	GlobalSection(ProjectConfigurationPlatforms) = postSolution
		{C1D9E043-51BC-4D8A-B56A-6A077F445C9F}.Debug|Any CPU.ActiveCfg = Debug|Any CPU
		{C1D9E043-51BC-4D8A-B56A-6A077F445C9F}.Debug|Any CPU.Build.0 = Debug|Any CPU
		{C1D9E043-51BC-4D8A-B56A-6A077F445C9F}.Release|Any CPU.ActiveCfg = Release|Any CPU
		{C1D9E043-51BC-4D8A-B56A-6A077F445C9F}.Release|Any CPU.Build.0 = Release|Any CPU
	EndGlobalSection
	GlobalSection(SolutionProperties) = preSolution
		HideSolutionNode = FALSE
	EndGlobalSection
	GlobalSection(ExtensibilityGlobals) = postSolution
		SolutionGuid = {DA22C67D-08CB-4E5F-944D-7321FEB4A6B5}
	EndGlobalSection
EndGlobal
